
Microsoft Visual Studio Solution File, Format Version 12.00
# Visual Studio 15
VisualStudioVersion = 15.0.27703.2018
MinimumVisualStudioVersion = 10.0.40219.1
Project("{FAE04EC0-301F-11D3-BF4B-00C04F79EFBC}") = "API-SOAP-licenses", "API-SOAP-licenses\API-SOAP-licenses.csproj", "{5C160057-9524-4C5B-8BFB-B3A349EC1EA4}"
EndProject
Global
	GlobalSection(SolutionConfigurationPlatforms) = preSolution
		Debug|Any CPU = Debug|Any CPU
		Release|Any CPU = Release|Any CPU
	EndGlobalSection
	GlobalSection(ProjectConfigurationPlatforms) = postSolution
		{5C160057-9524-4C5B-8BFB-B3A349EC1EA4}.Debug|Any CPU.ActiveCfg = Debug|Any CPU
		{5C160057-9524-4C5B-8BFB-B3A349EC1EA4}.Debug|Any CPU.Build.0 = Debug|Any CPU
		{5C160057-9524-4C5B-8BFB-B3A349EC1EA4}.Release|Any CPU.ActiveCfg = Release|Any CPU
		{5C160057-9524-4C5B-8BFB-B3A349EC1EA4}.Release|Any CPU.Build.0 = Release|Any CPU
	EndGlobalSection
	GlobalSection(SolutionProperties) = preSolution
		HideSolutionNode = FALSE
	EndGlobalSection
	GlobalSection(ExtensibilityGlobals) = postSolution
		SolutionGuid = {E6B36014-32F3-4DBB-B2EF-CAAA8F604DA6}
	EndGlobalSection
EndGlobal
